github.com/JamesMilnerUK/pip-go v0.0.0-20180711171552-99c4cbbc7deb h1:W/OhKqLweV7gxB3c+7mFXuyfcL0U1NmoHSEzbF8EkEY=
github.com/JamesMilnerUK/pip-go v0.0.0-20180711171552-99c4cbbc7deb/go.mod h1:gK3x51Z7zjeJDyfflentJDU2TKw093HMN8x0VnZmPWg=
github.com/davecgh/go-spew v1.1.0 h1:ZDRjVQ15GmhC3fiQ8ni8+OwkZQO4DARzQgrnXU1Liz8=
github.com/davecgh/go-spew v1.1.0/go.mod h1:J7Y8YcW2NihsgmVo/mv3lAwl/skON4iLHjSsI+c5H38=
github.com/erikstmartin/go-testdb v0.0.0-20160219214506-8d10e4a1bae5 h1:Yzb9+7DPaBjB8zlTR87/ElzFsnQfuHnVUVqpZZIcV5Y=
github.com/erikstmartin/go-testdb v0.0.0-20160219214506-8d10e4a1bae5/go.mod h1:a2zkGnVExMxdzMo3M0Hi/3sEU+cWnZpSni0O6/Yb/P0=
github.com/golang/freetype v0.0.0-20170609003504-e2365dfdc4a0 h1:DACJavvAHhabrF08vX0COfcOBJRhZ8lUbR+ZWIs0Y5g=
github.com/golang/freetype v0.0.0-20170609003504-e2365dfdc4a0/go.mod h1:E/TSTwGwJL78qG/PmXZO1EjYhfJinVAhrmmHX6Z8B9k=
github.com/kellydunn/golang-geo v0.7.0 h1:A5j0/BvNgGwY6Yb6inXQxzYwlPHc6WVZR+MrarZYNNg=
github.com/kellydunn/golang-geo v0.7.0/go.mod h1:YYlQPJ+DPEzrHx8kT3oPHC/NjyvCCXE+IuKGKdrjrcU=
github.com/kylelemons/go-gypsy v0.0.0-20160905020020-08cad365cd28 h1:mkl3tvPHIuPaWsLtmHTybJeoVEW7cbePK73Ir8VtruA=
github.com/kylelemons/go-gypsy v0.0.0-20160905020020-08cad365cd28/go.mod h1:T/T7jsxVqf9k/zYOqbgNAsANsjxTd1Yq3htjDhQ1H0c=
github.com/lib/pq v1.2.0 h1:LXpIM/LZ5xGFhOpXAQUIMM1HdyqzVYM13zNdjCEEcA0=
github.com/lib/pq v1.2.0/go.mod h1:5WUZQaWbwv1U+lTReE5YruASi9Al49XbQIvNi/34Woo=
github.com/nsf/sexp v0.0.0-20130620094510-d3d2f2591f1d h1:WpcnBFcUqwixsy144U4Z1OwsVhNfsCUgwDhFC9GQ6Lg=
github.com/nsf/sexp v0.0.0-20130620094510-d3d2f2591f1d/go.mod h1:j03Rsepo03350Rt/HWJob95loRlZfQoivqII1FvfP+I=
github.com/paulmach/go.geojson v1.4.0 h1:5x5moCkCtDo5x8af62P9IOAYGQcYHtxz2QJ3x1DoCgY=
github.com/paulmach/go.geojson v1.4.0/go.mod h1:YaKx1hKpWF+T2oj2lFJPsW/t1Q5e1jQI61eoQSTwpIs=
github.com/pmezard/go-difflib v1.0.0 h1:4DBwDE0NGyQoBHbLQYPwSUPoCMWR5BEzIk/f1lZbAQM=
github.com/pmezard/go-difflib v1.0.0/go.mod h1:iKH77koFhYxTK1pcRnkKkqfTogsbg7gZNVY4sRDYZ/4=
github.com/sergi/go-diff v1.0.0 h1:Kpca3qRNrduNnOQeazBd0ysaKrUJiIuISHxogkT9RPQ=
github.com/sergi/go-diff v1.0.0/go.mod h1:0CfEIISq7TuYL3j771MWULgwwjU+GofnZX9QAmXWZgo=
github.com/stretchr/objx v0.1.0/go.mod h1:HFkY916IF+rwdDfMAkV7OtwuqBVzrE8GR6GFx+wExME=
github.com/stretchr/testify v1.3.0 h1:TivCn/peBQ7UY8ooIcPgZFpTNSz0Q2U6UrFlUfqbe0Q=
github.com/stretchr/testify v1.3.0/go.mod h1:M5WIy9Dh21IEIfnGCwXGc5bZfKNJtfHm1UVUgZn+9EI=
github.com/ziutek/mymysql v1.5.4 h1:GB0qdRGsTwQSBVYuVShFBKaXSnSnYYC2d9knnE1LHFs=
github.com/ziutek/mymysql v1.5.4/go.mod h1:LMSpPZ6DbqWFxNCHW77HeMg9I646SAhApZ/wKdgO/C0=
go.starlark.net v0.0.0-20191016215632-c9eda478e54e h1:nUOsXFkz1Bmn/esdb2poMoFjQv8ZnEk7O6dhtlNuBFI=
go.starlark.net v0.0.0-20191016215632-c9eda478e54e/go.mod h1:c1/X6cHgvdXj6pUlmWKMkuqRnW4K8x2vwt6JAaaircg=
golang.org/x/image v0.0.0-20191009234506-e7c1f5e7dbb8 h1:hVwzHzIUGRjiF7EcUjqNxk3NCfkPxbDKRdnNE1Rpg0U=
golang.org/x/image v0.0.0-20191009234506-e7c1f5e7dbb8/go.mod h1:FeLwcggjj3mMvU+oOTbSwawSJRM1uh48EjtB4UJZlP0=
golang.org/x/text v0.3.0/go.mod h1:NqM8EUOU14njkJ3fqMW+pc6Ldnwhi/IjpwHt7yyuwOQ=
